// !$*UTF8*$!
{
	archiveVersion = 1;
	classes = {
	};
	objectVersion = 46;
	objects = {

/* Begin PBXBuildFile section */
		3EBD47541A9E6DA30013A4A1 /* AppDetailViewController.m in Sources */ = {isa = PBXBuildFile; fileRef = 3EBD474F1A9E6DA30013A4A1 /* AppDetailViewController.m */; };
		3EBD47551A9E6DA30013A4A1 /* AppTableViewCell.m in Sources */ = {isa = PBXBuildFile; fileRef = 3EBD47511A9E6DA30013A4A1 /* AppTableViewCell.m */; };
		3EBD47561A9E6DA30013A4A1 /* AppTableViewController.m in Sources */ = {isa = PBXBuildFile; fileRef = 3EBD47531A9E6DA30013A4A1 /* AppTableViewController.m */; };
		3EC311B21A9E12660050BBDC /* main.m in Sources */ = {isa = PBXBuildFile; fileRef = 3EC311B11A9E12660050BBDC /* main.m */; };
		3EC311B51A9E12660050BBDC /* AppDelegate.m in Sources */ = {isa = PBXBuildFile; fileRef = 3EC311B41A9E12660050BBDC /* AppDelegate.m */; };
		3EC311BB1A9E12660050BBDC /* Main.storyboard in Resources */ = {isa = PBXBuildFile; fileRef = 3EC311B91A9E12660050BBDC /* Main.storyboard */; };
		3EC311BD1A9E12660050BBDC /* Images.xcassets in Resources */ = {isa = PBXBuildFile; fileRef = 3EC311BC1A9E12660050BBDC /* Images.xcassets */; };
		3EC311C01A9E12660050BBDC /* LaunchScreen.xib in Resources */ = {isa = PBXBuildFile; fileRef = 3EC311BE1A9E12660050BBDC /* LaunchScreen.xib */; };
		3EC311CC1A9E12660050BBDC /* tarefaTabelaTests.m in Sources */ = {isa = PBXBuildFile; fileRef = 3EC311CB1A9E12660050BBDC /* tarefaTabelaTests.m */; };
/* End PBXBuildFile section */

/* Begin PBXContainerItemProxy section */
		3EC311C61A9E12660050BBDC /* PBXContainerItemProxy */ = {
			isa = PBXContainerItemProxy;
			containerPortal = 3EC311A41A9E12660050BBDC /* Project object */;
			proxyType = 1;
			remoteGlobalIDString = 3EC311AB1A9E12660050BBDC;
			remoteInfo = tarefaTabela;
		};
/* End PBXContainerItemProxy section */

/* Begin PBXFileReference section */
		3EBD474E1A9E6DA30013A4A1 /* AppDetailViewController.h */ = {isa = PBXFileReference; fileEncoding = 4; lastKnownFileType = sourcecode.c.h; path = AppDetailViewController.h; sourceTree = "<group>"; };
		3EBD474F1A9E6DA30013A4A1 /* AppDetailViewController.m */ = {isa = PBXFileReference; fileEncoding = 4; lastKnownFileType = sourcecode.c.objc; path = AppDetailViewController.m; sourceTree = "<group>"; };
		3EBD47501A9E6DA30013A4A1 /* AppTableViewCell.h */ = {isa = PBXFileReference; fileEncoding = 4; lastKnownFileType = sourcecode.c.h; path = AppTableViewCell.h; sourceTree = "<group>"; };
		3EBD47511A9E6DA30013A4A1 /* AppTableViewCell.m */ = {isa = PBXFileReference; fileEncoding = 4; lastKnownFileType = sourcecode.c.objc; path = AppTableViewCell.m; sourceTree = "<group>"; };
		3EBD47521A9E6DA30013A4A1 /* AppTableViewController.h */ = {isa = PBXFileReference; fileEncoding = 4; lastKnownFileType = sourcecode.c.h; path = AppTableViewController.h; sourceTree = "<group>"; };
		3EBD47531A9E6DA30013A4A1 /* AppTableViewController.m */ = {isa = PBXFileReference; fileEncoding = 4; lastKnownFileType = sourcecode.c.objc; path = AppTableViewController.m; sourceTree = "<group>"; };
		3EC311AC1A9E12660050BBDC /* tarefaTabela.app */ = {isa = PBXFileReference; explicitFileType = wrapper.application; includeInIndex = 0; path = tarefaTabela.app; sourceTree = BUILT_PRODUCTS_DIR; };
		3EC311B01A9E12660050BBDC /* Info.plist */ = {isa = PBXFileReference; lastKnownFileType = text.plist.xml; path = Info.plist; sourceTree = "<group>"; };
		3EC311B11A9E12660050BBDC /* main.m */ = {isa = PBXFileReference; lastKnownFileType = sourcecode.c.objc; path = main.m; sourceTree = "<group>"; };
		3EC311B31A9E12660050BBDC /* AppDelegate.h */ = {isa = PBXFileReference; lastKnownFileType = sourcecode.c.h; path = AppDelegate.h; sourceTree = "<group>"; };
		3EC311B41A9E12660050BBDC /* AppDelegate.m */ = {isa = PBXFileReference; lastKnownFileType = sourcecode.c.objc; path = AppDelegate.m; sourceTree = "<group>"; };
		3EC311BA1A9E12660050BBDC /* Base */ = {isa = PBXFileReference; lastKnownFileType = file.storyboard; name = Base; path = Base.lproj/Main.storyboard; sourceTree = "<group>"; };
		3EC311BC1A9E12660050BBDC /* Images.xcassets */ = {isa = PBXFileReference; lastKnownFileType = folder.assetcatalog; path = Images.xcassets; sourceTree = "<group>"; };
		3EC311BF1A9E12660050BBDC /* Base */ = {isa = PBXFileReference; lastKnownFileType = file.xib; name = Base; path = Base.lproj/LaunchScreen.xib; sourceTree = "<group>"; };
		3EC311C51A9E12660050BBDC /* tarefaTabelaTests.xctest */ = {isa = PBXFileReference; explicitFileType = wrapper.cfbundle; includeInIndex = 0; path = tarefaTabelaTests.xctest; sourceTree = BUILT_PRODUCTS_DIR; };
		3EC311CA1A9E12660050BBDC /* Info.plist */ = {isa = PBXFileReference; lastKnownFileType = text.plist.xml; path = Info.plist; sourceTree = "<group>"; };
		3EC311CB1A9E12660050BBDC /* tarefaTabelaTests.m */ = {isa = PBXFileReference; lastKnownFileType = sourcecode.c.objc; path = tarefaTabelaTests.m; sourceTree = "<group>"; };
/* End PBXFileReference section */

/* Begin PBXFrameworksBuildPhase section */
		3EC311A91A9E12660050BBDC /* Frameworks */ = {
			isa = PBXFrameworksBuildPhase;
			buildActionMask = 2147483647;
			files = (
			);
			runOnlyForDeploymentPostprocessing = 0;
		};
		3EC311C21A9E12660050BBDC /* Frameworks */ = {
			isa = PBXFrameworksBuildPhase;
			buildActionMask = 2147483647;
			files = (
			);
			runOnlyForDeploymentPostprocessing = 0;
		};
/* End PBXFrameworksBuildPhase section */

/* Begin PBXGroup section */
		3EC311A31A9E12660050BBDC = {
			isa = PBXGroup;
			children = (
				3EC311AE1A9E12660050BBDC /* tarefaTabela */,
				3EC311C81A9E12660050BBDC /* tarefaTabelaTests */,
				3EC311AD1A9E12660050BBDC /* Products */,
			);
			sourceTree = "<group>";
		};
		3EC311AD1A9E12660050BBDC /* Products */ = {
			isa = PBXGroup;
			children = (
				3EC311AC1A9E12660050BBDC /* tarefaTabela.app */,
				3EC311C51A9E12660050BBDC /* tarefaTabelaTests.xctest */,
			);
			name = Products;
			sourceTree = "<group>";
		};
		3EC311AE1A9E12660050BBDC /* tarefaTabela */ = {
			isa = PBXGroup;
			children = (
				3EC311B31A9E12660050BBDC /* AppDelegate.h */,
				3EC311B41A9E12660050BBDC /* AppDelegate.m */,
				3EC311B91A9E12660050BBDC /* Main.storyboard */,
				3EC311BC1A9E12660050BBDC /* Images.xcassets */,
				3EC311BE1A9E12660050BBDC /* LaunchScreen.xib */,
				3EBD474E1A9E6DA30013A4A1 /* AppDetailViewController.h */,
				3EBD474F1A9E6DA30013A4A1 /* AppDetailViewController.m */,
				3EBD47501A9E6DA30013A4A1 /* AppTableViewCell.h */,
				3EBD47511A9E6DA30013A4A1 /* AppTableViewCell.m */,
				3EBD47521A9E6DA30013A4A1 /* AppTableViewController.h */,
				3EBD47531A9E6DA30013A4A1 /* AppTableViewController.m */,
				3EC311AF1A9E12660050BBDC /* Supporting Files */,
			);
			path = tarefaTabela;
			sourceTree = "<group>";
		};
		3EC311AF1A9E12660050BBDC /* Supporting Files */ = {
			isa = PBXGroup;
			children = (
				3EC311B01A9E12660050BBDC /* Info.plist */,
				3EC311B11A9E12660050BBDC /* main.m */,
			);
			name = "Supporting Files";
			sourceTree = "<group>";
		};
		3EC311C81A9E12660050BBDC /* tarefaTabelaTests */ = {
			isa = PBXGroup;
			children = (
				3EC311CB1A9E12660050BBDC /* tarefaTabelaTests.m */,
				3EC311C91A9E12660050BBDC /* Supporting Files */,
			);
			path = tarefaTabelaTests;
			sourceTree = "<group>";
		};
		3EC311C91A9E12660050BBDC /* Supporting Files */ = {
			isa = PBXGroup;
			children = (
				3EC311CA1A9E12660050BBDC /* Info.plist */,
			);
			name = "Supporting Files";
			sourceTree = "<group>";
		};
/* End PBXGroup section */

/* Begin PBXNativeTarget section */
		3EC311AB1A9E12660050BBDC /* tarefaTabela */ = {
			isa = PBXNativeTarget;
			buildConfigurationList = 3EC311CF1A9E12660050BBDC /* Build configuration list for PBXNativeTarget "tarefaTabela" */;
			buildPhases = (
				3EC311A81A9E12660050BBDC /* Sources */,
				3EC311A91A9E12660050BBDC /* Frameworks */,
				3EC311AA1A9E12660050BBDC /* Resources */,
			);
			buildRules = (
			);
			dependencies = (
			);
			name = tarefaTabela;
			productName = tarefaTabela;
			productReference = 3EC311AC1A9E12660050BBDC /* tarefaTabela.app */;
			productType = "com.apple.product-type.application";
		};
		3EC311C41A9E12660050BBDC /* tarefaTabelaTests */ = {
			isa = PBXNativeTarget;
			buildConfigurationList = 3EC311D21A9E12660050BBDC /* Build configuration list for PBXNativeTarget "tarefaTabelaTests" */;
			buildPhases = (
				3EC311C11A9E12660050BBDC /* Sources */,
				3EC311C21A9E12660050BBDC /* Frameworks */,
				3EC311C31A9E12660050BBDC /* Resources */,
			);
			buildRules = (
			);
			dependencies = (
				3EC311C71A9E12660050BBDC /* PBXTargetDependency */,
			);
			name = tarefaTabelaTests;
			productName = tarefaTabelaTests;
			productReference = 3EC311C51A9E12660050BBDC /* tarefaTabelaTests.xctest */;
			productType = "com.apple.product-type.bundle.unit-test";
		};
/* End PBXNativeTarget section */

/* Begin PBXProject section */
		3EC311A41A9E12660050BBDC /* Project object */ = {
			isa = PBXProject;
			attributes = {
				LastUpgradeCheck = 0610;
				ORGANIZATIONNAME = "Rafael Souza Belchior da Silva";
				TargetAttributes = {
					3EC311AB1A9E12660050BBDC = {
						CreatedOnToolsVersion = 6.1.1;
					};
					3EC311C41A9E12660050BBDC = {
						CreatedOnToolsVersion = 6.1.1;
						TestTargetID = 3EC311AB1A9E12660050BBDC;
					};
				};
			};
			buildConfigurationList = 3EC311A71A9E12660050BBDC /* Build configuration list for PBXProject "tarefaTabela" */;
			compatibilityVersion = "Xcode 3.2";
			developmentRegion = English;
			hasScannedForEncodings = 0;
			knownRegions = (
				en,
				Base,
			);
			mainGroup = 3EC311A31A9E12660050BBDC;
			productRefGroup = 3EC311AD1A9E12660050BBDC /* Products */;
			projectDirPath = "";
			projectRoot = "";
			targets = (
				3EC311AB1A9E12660050BBDC /* tarefaTabela */,
				3EC311C41A9E12660050BBDC /* tarefaTabelaTests */,
			);
		};
/* End PBXProject section */

/* Begin PBXResourcesBuildPhase section */
		3EC311AA1A9E12660050BBDC /* Resources */ = {
			isa = PBXResourcesBuildPhase;
			buildActionMask = 2147483647;
			files = (
				3EC311BB1A9E12660050BBDC /* Main.storyboard in Resources */,
				3EC311C01A9E12660050BBDC /* LaunchScreen.xib in Resources */,
				3EC311BD1A9E12660050BBDC /* Images.xcassets in Resources */,
			);
			runOnlyForDeploymentPostprocessing = 0;
		};
		3EC311C31A9E12660050BBDC /* Resources */ = {
			isa = PBXResourcesBuildPhase;
			buildActionMask = 2147483647;
			files = (
			);
			runOnlyForDeploymentPostprocessing = 0;
		};
/* End PBXResourcesBuildPhase section */

/* Begin PBXSourcesBuildPhase section */
		3EC311A81A9E12660050BBDC /* Sources */ = {
			isa = PBXSourcesBuildPhase;
			buildActionMask = 2147483647;
			files = (
				3EC311B51A9E12660050BBDC /* AppDelegate.m in Sources */,
				3EBD47561A9E6DA30013A4A1 /* AppTableViewController.m in Sources */,
				3EC311B21A9E12660050BBDC /* main.m in Sources */,
				3EBD47541A9E6DA30013A4A1 /* AppDetailViewController.m in Sources */,
				3EBD47551A9E6DA30013A4A1 /* AppTableViewCell.m in Sources */,
			);
			runOnlyForDeploymentPostprocessing = 0;
		};
		3EC311C11A9E12660050BBDC /* Sources */ = {
			isa = PBXSourcesBuildPhase;
			buildActionMask = 2147483647;
			files = (
				3EC311CC1A9E12660050BBDC /* tarefaTabelaTests.m in Sources */,
			);
			runOnlyForDeploymentPostprocessing = 0;
		};
/* End PBXSourcesBuildPhase section */

/* Begin PBXTargetDependency section */
		3EC311C71A9E12660050BBDC /* PBXTargetDependency */ = {
			isa = PBXTargetDependency;
			target = 3EC311AB1A9E12660050BBDC /* tarefaTabela */;
			targetProxy = 3EC311C61A9E12660050BBDC /* PBXContainerItemProxy */;
		};
/* End PBXTargetDependency section */

/* Begin PBXVariantGroup section */
		3EC311B91A9E12660050BBDC /* Main.storyboard */ = {
			isa = PBXVariantGroup;
			children = (
				3EC311BA1A9E12660050BBDC /* Base */,
			);
			name = Main.storyboard;
			sourceTree = "<group>";
		};
		3EC311BE1A9E12660050BBDC /* LaunchScreen.xib */ = {
			isa = PBXVariantGroup;
			children = (
				3EC311BF1A9E12660050BBDC /* Base */,
			);
			name = LaunchScreen.xib;
			sourceTree = "<group>";
		};
/* End PBXVariantGroup section */

/* Begin XCBuildConfiguration section */
		3EC311CD1A9E12660050BBDC /* Debug */ = {
			isa = XCBuildConfiguration;
			buildSettings = {
				ALWAYS_SEARCH_USER_PATHS = NO;
				CLANG_CXX_LANGUAGE_STANDARD = "gnu++0x";
				CLANG_CXX_LIBRARY = "libc++";
				CLANG_ENABLE_MODULES = YES;
				CLANG_ENABLE_OBJC_ARC = YES;
				CLANG_WARN_BOOL_CONVERSION = YES;
				CLANG_WARN_CONSTANT_CONVERSION = YES;
				CLANG_WARN_DIRECT_OBJC_ISA_USAGE = YES_ERROR;
				CLANG_WARN_EMPTY_BODY = YES;
				CLANG_WARN_ENUM_CONVERSION = YES;
				CLANG_WARN_INT_CONVERSION = YES;
				CLANG_WARN_OBJC_ROOT_CLASS = YES_ERROR;
				CLANG_WARN_UNREACHABLE_CODE = YES;
				CLANG_WARN__DUPLICATE_METHOD_MATCH = YES;
				"CODE_SIGN_IDENTITY[sdk=iphoneos*]" = "iPhone Developer";
				COPY_PHASE_STRIP = NO;
				ENABLE_STRICT_OBJC_MSGSEND = YES;
				GCC_C_LANGUAGE_STANDARD = gnu99;
				GCC_DYNAMIC_NO_PIC = NO;
				GCC_OPTIMIZATION_LEVEL = 0;
				GCC_PREPROCESSOR_DEFINITIONS = (
					"DEBUG=1",
					"$(inherited)",
				);
				GCC_SYMBOLS_PRIVATE_EXTERN = NO;
				GCC_WARN_64_TO_32_BIT_CONVERSION = YES;
				GCC_WARN_ABOUT_RETURN_TYPE = YES_ERROR;
				GCC_WARN_UNDECLARED_SELECTOR = YES;
				GCC_WARN_UNINITIALIZED_AUTOS = YES_AGGRESSIVE;
				GCC_WARN_UNUSED_FUNCTION = YES;
				GCC_WARN_UNUSED_VARIABLE = YES;
				IPHONEOS_DEPLOYMENT_TARGET = 8.1;
				MTL_ENABLE_DEBUG_INFO = YES;
				ONLY_ACTIVE_ARCH = YES;
				SDKROOT = iphoneos;
			};
			name = Debug;
		};
		3EC311CE1A9E12660050BBDC /* Release */ = {
			isa = XCBuildConfiguration;
			buildSettings = {
				ALWAYS_SEARCH_USER_PATHS = NO;
				CLANG_CXX_LANGUAGE_STANDARD = "gnu++0x";
				CLANG_CXX_LIBRARY = "libc++";
				CLANG_ENABLE_MODULES = YES;
				CLANG_ENABLE_OBJC_ARC = YES;
				CLANG_WARN_BOOL_CONVERSION = YES;
				CLANG_WARN_CONSTANT_CONVERSION = YES;
				CLANG_WARN_DIRECT_OBJC_ISA_USAGE = YES_ERROR;
				CLANG_WARN_EMPTY_BODY = YES;
				CLANG_WARN_ENUM_CONVERSION = YES;
				CLANG_WARN_INT_CONVERSION = YES;
				CLANG_WARN_OBJC_ROOT_CLASS = YES_ERROR;
				CLANG_WARN_UNREACHABLE_CODE = YES;
				CLANG_WARN__DUPLICATE_METHOD_MATCH = YES;
				"CODE_SIGN_IDENTITY[sdk=iphoneos*]" = "iPhone Developer";
				COPY_PHASE_STRIP = YES;
				ENABLE_NS_ASSERTIONS = NO;
				ENABLE_STRICT_OBJC_MSGSEND = YES;
				GCC_C_LANGUAGE_STANDARD = gnu99;
				GCC_WARN_64_TO_32_BIT_CONVERSION = YES;
				GCC_WARN_ABOUT_RETURN_TYPE = YES_ERROR;
				GCC_WARN_UNDECLARED_SELECTOR = YES;
				GCC_WARN_UNINITIALIZED_AUTOS = YES_AGGRESSIVE;
				GCC_WARN_UNUSED_FUNCTION = YES;
				GCC_WARN_UNUSED_VARIABLE = YES;
				IPHONEOS_DEPLOYMENT_TARGET = 8.1;
				MTL_ENABLE_DEBUG_INFO = NO;
				SDKROOT = iphoneos;
				VALIDATE_PRODUCT = YES;
			};
			name = Release;
		};
		3EC311D01A9E12660050BBDC /* Debug */ = {
			isa = XCBuildConfiguration;
			buildSettings = {
				ASSETCATALOG_COMPILER_APPICON_NAME = AppIcon;
				INFOPLIST_FILE = tarefaTabela/Info.plist;
				LD_RUNPATH_SEARCH_PATHS = "$(inherited) @executable_path/Frameworks";
				PRODUCT_NAME = "$(TARGET_NAME)";
			};
			name = Debug;
		};
		3EC311D11A9E12660050BBDC /* Release */ = {
			isa = XCBuildConfiguration;
			buildSettings = {
				ASSETCATALOG_COMPILER_APPICON_NAME = AppIcon;
				INFOPLIST_FILE = tarefaTabela/Info.plist;
				LD_RUNPATH_SEARCH_PATHS = "$(inherited) @executable_path/Frameworks";
				PRODUCT_NAME = "$(TARGET_NAME)";
			};
			name = Release;
		};
		3EC311D31A9E12660050BBDC /* Debug */ = {
			isa = XCBuildConfiguration;
			buildSettings = {
				BUNDLE_LOADER = "$(TEST_HOST)";
				FRAMEWORK_SEARCH_PATHS = (
					"$(SDKROOT)/Developer/Library/Frameworks",
					"$(inherited)",
				);
				GCC_PREPROCESSOR_DEFINITIONS = (
					"DEBUG=1",
					"$(inherited)",
				);
				INFOPLIST_FILE = tarefaTabelaTests/Info.plist;
				LD_RUNPATH_SEARCH_PATHS = "$(inherited) @executable_path/Frameworks @loader_path/Frameworks";
				PRODUCT_NAME = "$(TARGET_NAME)";
				TEST_HOST = "$(BUILT_PRODUCTS_DIR)/tarefaTabela.app/tarefaTabela";
			};
			name = Debug;
		};
		3EC311D41A9E12660050BBDC /* Release */ = {
			isa = XCBuildConfiguration;
			buildSettings = {
				BUNDLE_LOADER = "$(TEST_HOST)";
				FRAMEWORK_SEARCH_PATHS = (
					"$(SDKROOT)/Developer/Library/Frameworks",
					"$(inherited)",
				);
				INFOPLIST_FILE = tarefaTabelaTests/Info.plist;
				LD_RUNPATH_SEARCH_PATHS = "$(inherited) @executable_path/Frameworks @loader_path/Frameworks";
				PRODUCT_NAME = "$(TARGET_NAME)";
				TEST_HOST = "$(BUILT_PRODUCTS_DIR)/tarefaTabela.app/tarefaTabela";
			};
			name = Release;
		};
/* End XCBuildConfiguration section */

/* Begin XCConfigurationList section */
		3EC311A71A9E12660050BBDC /* Build configuration list for PBXProject "tarefaTabela" */ = {
			isa = XCConfigurationList;
			buildConfigurations = (
				3EC311CD1A9E12660050BBDC /* Debug */,
				3EC311CE1A9E12660050BBDC /* Release */,
			);
			defaultConfigurationIsVisible = 0;
			defaultConfigurationName = Release;
		};
		3EC311CF1A9E12660050BBDC /* Build configuration list for PBXNativeTarget "tarefaTabela" */ = {
			isa = XCConfigurationList;
			buildConfigurations = (
				3EC311D01A9E12660050BBDC /* Debug */,
				3EC311D11A9E12660050BBDC /* Release */,
			);
			defaultConfigurationIsVisible = 0;
			defaultConfigurationName = Release;
		};
		3EC311D21A9E12660050BBDC /* Build configuration list for PBXNativeTarget "tarefaTabelaTests" */ = {
			isa = XCConfigurationList;
			buildConfigurations = (
				3EC311D31A9E12660050BBDC /* Debug */,
				3EC311D41A9E12660050BBDC /* Release */,
			);
			defaultConfigurationIsVisible = 0;
			defaultConfigurationName = Release;
		};
/* End XCConfigurationList section */
	};
	rootObject = 3EC311A41A9E12660050BBDC /* Project object */;
}
